
Microsoft Visual Studio Solution File, Format Version 12.00
# Visual Studio Version 17
VisualStudioVersion = 17.5.33530.505
MinimumVisualStudioVersion = 10.0.40219.1
Project("{2150E333-8FDC-42A3-9474-1A3956D46DE8}") = "Solution Items", "Solution Items", "{81B4BE75-C1A6-4B8B-AF80-A69442F75BD7}"
	ProjectSection(SolutionItems) = preProject
		CodeMaid.config = CodeMaid.config
		Nuget.Config = Nuget.Config
	EndProjectSection
EndProject
Project("{9A19103F-16F7-4668-BE54-9A1E7A4F7556}") = "Aranda.Common.Agent.Updater", "Aranda.Common.Agent.Updater\Aranda.Common.Agent.Updater.csproj", "{5D0A65CB-B2FF-413D-A391-B336823718E4}"
EndProject
Project("{9A19103F-16F7-4668-BE54-9A1E7A4F7556}") = "Aranda.Common.Agent.Updater.CLI", "Aranda.Common.Agent.Updater.CLI\Aranda.Common.Agent.Updater.CLI.csproj", "{42D966FF-16AE-433A-BEE8-2497FAB45614}"
EndProject
Project("{2150E333-8FDC-42A3-9474-1A3956D46DE8}") = "Tests", "Tests", "{3EFD526D-AB60-4132-AD47-C51307273D1B}"
EndProject
Project("{FAE04EC0-301F-11D3-BF4B-00C04F79EFBC}") = "Aranda.Common.Agent.Updater.UnitTest", "Aranda.Common.Agent.Updater.UnitTest\Aranda.Common.Agent.Updater.UnitTest.csproj", "{4AD9A643-772B-4D22-9916-CDFD3A6122FA}"
EndProject
Global
	GlobalSection(SolutionConfigurationPlatforms) = preSolution
		Debug|Any CPU = Debug|Any CPU
		Release|Any CPU = Release|Any CPU
	EndGlobalSection
	GlobalSection(ProjectConfigurationPlatforms) = postSolution
		{5D0A65CB-B2FF-413D-A391-B336823718E4}.Debug|Any CPU.ActiveCfg = Debug|Any CPU
		{5D0A65CB-B2FF-413D-A391-B336823718E4}.Debug|Any CPU.Build.0 = Debug|Any CPU
		{5D0A65CB-B2FF-413D-A391-B336823718E4}.Release|Any CPU.ActiveCfg = Release|Any CPU
		{5D0A65CB-B2FF-413D-A391-B336823718E4}.Release|Any CPU.Build.0 = Release|Any CPU
		{42D966FF-16AE-433A-BEE8-2497FAB45614}.Debug|Any CPU.ActiveCfg = Debug|Any CPU
		{42D966FF-16AE-433A-BEE8-2497FAB45614}.Debug|Any CPU.Build.0 = Debug|Any CPU
		{42D966FF-16AE-433A-BEE8-2497FAB45614}.Release|Any CPU.ActiveCfg = Release|Any CPU
		{42D966FF-16AE-433A-BEE8-2497FAB45614}.Release|Any CPU.Build.0 = Release|Any CPU
		{4AD9A643-772B-4D22-9916-CDFD3A6122FA}.Debug|Any CPU.ActiveCfg = Debug|Any CPU
		{4AD9A643-772B-4D22-9916-CDFD3A6122FA}.Debug|Any CPU.Build.0 = Debug|Any CPU
		{4AD9A643-772B-4D22-9916-CDFD3A6122FA}.Release|Any CPU.ActiveCfg = Release|Any CPU
		{4AD9A643-772B-4D22-9916-CDFD3A6122FA}.Release|Any CPU.Build.0 = Release|Any CPU
	EndGlobalSection
	GlobalSection(SolutionProperties) = preSolution
		HideSolutionNode = FALSE
	EndGlobalSection
	GlobalSection(NestedProjects) = preSolution
		{4AD9A643-772B-4D22-9916-CDFD3A6122FA} = {3EFD526D-AB60-4132-AD47-C51307273D1B}
	EndGlobalSection
	GlobalSection(ExtensibilityGlobals) = postSolution
		SolutionGuid = {296967EC-DC1C-4652-BD53-5FD583EA92F9}
	EndGlobalSection
EndGlobal
